
Microsoft Visual Studio Solution File, Format Version 12.00
# Visual Studio Version 16
VisualStudioVersion = 16.0.30907.101
MinimumVisualStudioVersion = 10.0.40219.1
Project("{8BC9CEB8-8B4A-11D0-8D11-00A0C91BC942}") = "PPC", "PPC.vcxproj", "{DA76661C-C6DC-47E8-A7B1-B92E411CA0D3}"
EndProject
Project("{8BC9CEB8-8B4A-11D0-8D11-00A0C91BC942}") = "task01", "task01\task01.vcxproj", "{C5F34C0D-789C-4C7C-A49E-728152701B42}"
EndProject
Project("{8BC9CEB8-8B4A-11D0-8D11-00A0C91BC942}") = "task02", "task02\task02.vcxproj", "{A6764BA2-7F4D-4D9B-B4E6-0D30FC2D2664}"
EndProject
Project("{8BC9CEB8-8B4A-11D0-8D11-00A0C91BC942}") = "task03", "task03\task03.vcxproj", "{B17C3F4D-E920-433B-BA89-EA0F831481BB}"
EndProject
Project("{8BC9CEB8-8B4A-11D0-8D11-00A0C91BC942}") = "task06", "task06\task06.vcxproj", "{64ED17B8-236D-4CC7-9938-3C1AAFFEBA99}"
EndProject
Project("{8BC9CEB8-8B4A-11D0-8D11-00A0C91BC942}") = "task07", "task07\task07.vcxproj", "{339F0997-BCB6-4AB0-9F0E-108D199DAF5C}"
EndProject
Project("{8BC9CEB8-8B4A-11D0-8D11-00A0C91BC942}") = "task08", "task08\task08.vcxproj", "{330B0AB8-79E2-4646-A178-5CDF1BDF9140}"
EndProject
Project("{8BC9CEB8-8B4A-11D0-8D11-00A0C91BC942}") = "task09", "task09\task09.vcxproj", "{6AB6699B-2865-4C18-90AF-FAEE78F30785}"
EndProject
Project("{8BC9CEB8-8B4A-11D0-8D11-00A0C91BC942}") = "task10", "task10\task10.vcxproj", "{9D484AF7-0FCD-4E78-9965-29CE1722FFDB}"
EndProject
Project("{8BC9CEB8-8B4A-11D0-8D11-00A0C91BC942}") = "task11", "task11\task11.vcxproj", "{2C8E17D8-CBB2-416D-9947-81FD7917BB91}"
EndProject
Project("{8BC9CEB8-8B4A-11D0-8D11-00A0C91BC942}") = "task12", "task12\task12.vcxproj", "{6B9C1586-B13B-45E9-B2D6-148D935E77EB}"
EndProject
Project("{8BC9CEB8-8B4A-11D0-8D11-00A0C91BC942}") = "task13", "task13\task13.vcxproj", "{A348C248-0D4A-4D0F-82CF-FB281A5A9363}"
EndProject
Global
	GlobalSection(SolutionConfigurationPlatforms) = preSolution
		Debug|x64 = Debug|x64
		Debug|x86 = Debug|x86
		Release|x64 = Release|x64
		Release|x86 = Release|x86
	EndGlobalSection
	GlobalSection(ProjectConfigurationPlatforms) = postSolution
		{DA76661C-C6DC-47E8-A7B1-B92E411CA0D3}.Debug|x64.ActiveCfg = Debug|x64
		{DA76661C-C6DC-47E8-A7B1-B92E411CA0D3}.Debug|x64.Build.0 = Debug|x64
		{DA76661C-C6DC-47E8-A7B1-B92E411CA0D3}.Debug|x86.ActiveCfg = Debug|Win32
		{DA76661C-C6DC-47E8-A7B1-B92E411CA0D3}.Debug|x86.Build.0 = Debug|Win32
		{DA76661C-C6DC-47E8-A7B1-B92E411CA0D3}.Release|x64.ActiveCfg = Release|x64
		{DA76661C-C6DC-47E8-A7B1-B92E411CA0D3}.Release|x64.Build.0 = Release|x64
		{DA76661C-C6DC-47E8-A7B1-B92E411CA0D3}.Release|x86.ActiveCfg = Release|Win32
		{DA76661C-C6DC-47E8-A7B1-B92E411CA0D3}.Release|x86.Build.0 = Release|Win32
		{C5F34C0D-789C-4C7C-A49E-728152701B42}.Debug|x64.ActiveCfg = Debug|x64
		{C5F34C0D-789C-4C7C-A49E-728152701B42}.Debug|x64.Build.0 = Debug|x64
		{C5F34C0D-789C-4C7C-A49E-728152701B42}.Debug|x86.ActiveCfg = Debug|Win32
		{C5F34C0D-789C-4C7C-A49E-728152701B42}.Debug|x86.Build.0 = Debug|Win32
		{C5F34C0D-789C-4C7C-A49E-728152701B42}.Release|x64.ActiveCfg = Release|x64
		{C5F34C0D-789C-4C7C-A49E-728152701B42}.Release|x64.Build.0 = Release|x64
		{C5F34C0D-789C-4C7C-A49E-728152701B42}.Release|x86.ActiveCfg = Release|Win32
		{C5F34C0D-789C-4C7C-A49E-728152701B42}.Release|x86.Build.0 = Release|Win32
		{A6764BA2-7F4D-4D9B-B4E6-0D30FC2D2664}.Debug|x64.ActiveCfg = Debug|x64
		{A6764BA2-7F4D-4D9B-B4E6-0D30FC2D2664}.Debug|x64.Build.0 = Debug|x64
		{A6764BA2-7F4D-4D9B-B4E6-0D30FC2D2664}.Debug|x86.ActiveCfg = Debug|Win32
		{A6764BA2-7F4D-4D9B-B4E6-0D30FC2D2664}.Debug|x86.Build.0 = Debug|Win32
		{A6764BA2-7F4D-4D9B-B4E6-0D30FC2D2664}.Release|x64.ActiveCfg = Release|x64
		{A6764BA2-7F4D-4D9B-B4E6-0D30FC2D2664}.Release|x64.Build.0 = Release|x64
		{A6764BA2-7F4D-4D9B-B4E6-0D30FC2D2664}.Release|x86.ActiveCfg = Release|Win32
		{A6764BA2-7F4D-4D9B-B4E6-0D30FC2D2664}.Release|x86.Build.0 = Release|Win32
		{B17C3F4D-E920-433B-BA89-EA0F831481BB}.Debug|x64.ActiveCfg = Debug|x64
		{B17C3F4D-E920-433B-BA89-EA0F831481BB}.Debug|x64.Build.0 = Debug|x64
		{B17C3F4D-E920-433B-BA89-EA0F831481BB}.Debug|x86.ActiveCfg = Debug|Win32
		{B17C3F4D-E920-433B-BA89-EA0F831481BB}.Debug|x86.Build.0 = Debug|Win32
		{B17C3F4D-E920-433B-BA89-EA0F831481BB}.Release|x64.ActiveCfg = Release|x64
		{B17C3F4D-E920-433B-BA89-EA0F831481BB}.Release|x64.Build.0 = Release|x64
		{B17C3F4D-E920-433B-BA89-EA0F831481BB}.Release|x86.ActiveCfg = Release|Win32
		{B17C3F4D-E920-433B-BA89-EA0F831481BB}.Release|x86.Build.0 = Release|Win32
		{64ED17B8-236D-4CC7-9938-3C1AAFFEBA99}.Debug|x64.ActiveCfg = Debug|x64
		{64ED17B8-236D-4CC7-9938-3C1AAFFEBA99}.Debug|x64.Build.0 = Debug|x64
		{64ED17B8-236D-4CC7-9938-3C1AAFFEBA99}.Debug|x86.ActiveCfg = Debug|Win32
		{64ED17B8-236D-4CC7-9938-3C1AAFFEBA99}.Debug|x86.Build.0 = Debug|Win32
		{64ED17B8-236D-4CC7-9938-3C1AAFFEBA99}.Release|x64.ActiveCfg = Release|x64
		{64ED17B8-236D-4CC7-9938-3C1AAFFEBA99}.Release|x64.Build.0 = Release|x64
		{64ED17B8-236D-4CC7-9938-3C1AAFFEBA99}.Release|x86.ActiveCfg = Release|Win32
		{64ED17B8-236D-4CC7-9938-3C1AAFFEBA99}.Release|x86.Build.0 = Release|Win32
		{339F0997-BCB6-4AB0-9F0E-108D199DAF5C}.Debug|x64.ActiveCfg = Debug|x64
		{339F0997-BCB6-4AB0-9F0E-108D199DAF5C}.Debug|x64.Build.0 = Debug|x64
		{339F0997-BCB6-4AB0-9F0E-108D199DAF5C}.Debug|x86.ActiveCfg = Debug|Win32
		{339F0997-BCB6-4AB0-9F0E-108D199DAF5C}.Debug|x86.Build.0 = Debug|Win32
		{339F0997-BCB6-4AB0-9F0E-108D199DAF5C}.Release|x64.ActiveCfg = Release|x64
		{339F0997-BCB6-4AB0-9F0E-108D199DAF5C}.Release|x64.Build.0 = Release|x64
		{339F0997-BCB6-4AB0-9F0E-108D199DAF5C}.Release|x86.ActiveCfg = Release|Win32
		{339F0997-BCB6-4AB0-9F0E-108D199DAF5C}.Release|x86.Build.0 = Release|Win32
		{330B0AB8-79E2-4646-A178-5CDF1BDF9140}.Debug|x64.ActiveCfg = Debug|x64
		{330B0AB8-79E2-4646-A178-5CDF1BDF9140}.Debug|x64.Build.0 = Debug|x64
		{330B0AB8-79E2-4646-A178-5CDF1BDF9140}.Debug|x86.ActiveCfg = Debug|Win32
		{330B0AB8-79E2-4646-A178-5CDF1BDF9140}.Debug|x86.Build.0 = Debug|Win32
		{330B0AB8-79E2-4646-A178-5CDF1BDF9140}.Release|x64.ActiveCfg = Release|x64
		{330B0AB8-79E2-4646-A178-5CDF1BDF9140}.Release|x64.Build.0 = Release|x64
		{330B0AB8-79E2-4646-A178-5CDF1BDF9140}.Release|x86.ActiveCfg = Release|Win32
		{330B0AB8-79E2-4646-A178-5CDF1BDF9140}.Release|x86.Build.0 = Release|Win32
		{6AB6699B-2865-4C18-90AF-FAEE78F30785}.Debug|x64.ActiveCfg = Debug|x64
		{6AB6699B-2865-4C18-90AF-FAEE78F30785}.Debug|x64.Build.0 = Debug|x64
		{6AB6699B-2865-4C18-90AF-FAEE78F30785}.Debug|x86.ActiveCfg = Debug|Win32
		{6AB6699B-2865-4C18-90AF-FAEE78F30785}.Debug|x86.Build.0 = Debug|Win32
		{6AB6699B-2865-4C18-90AF-FAEE78F30785}.Release|x64.ActiveCfg = Release|x64
		{6AB6699B-2865-4C18-90AF-FAEE78F30785}.Release|x64.Build.0 = Release|x64
		{6AB6699B-2865-4C18-90AF-FAEE78F30785}.Release|x86.ActiveCfg = Release|Win32
		{6AB6699B-2865-4C18-90AF-FAEE78F30785}.Release|x86.Build.0 = Release|Win32
		{9D484AF7-0FCD-4E78-9965-29CE1722FFDB}.Debug|x64.ActiveCfg = Debug|x64
		{9D484AF7-0FCD-4E78-9965-29CE1722FFDB}.Debug|x64.Build.0 = Debug|x64
		{9D484AF7-0FCD-4E78-9965-29CE1722FFDB}.Debug|x86.ActiveCfg = Debug|Win32
		{9D484AF7-0FCD-4E78-9965-29CE1722FFDB}.Debug|x86.Build.0 = Debug|Win32
		{9D484AF7-0FCD-4E78-9965-29CE1722FFDB}.Release|x64.ActiveCfg = Release|x64
		{9D484AF7-0FCD-4E78-9965-29CE1722FFDB}.Release|x64.Build.0 = Release|x64
		{9D484AF7-0FCD-4E78-9965-29CE1722FFDB}.Release|x86.ActiveCfg = Release|Win32
		{9D484AF7-0FCD-4E78-9965-29CE1722FFDB}.Release|x86.Build.0 = Release|Win32
		{2C8E17D8-CBB2-416D-9947-81FD7917BB91}.Debug|x64.ActiveCfg = Debug|x64
		{2C8E17D8-CBB2-416D-9947-81FD7917BB91}.Debug|x64.Build.0 = Debug|x64
		{2C8E17D8-CBB2-416D-9947-81FD7917BB91}.Debug|x86.ActiveCfg = Debug|Win32
		{2C8E17D8-CBB2-416D-9947-81FD7917BB91}.Debug|x86.Build.0 = Debug|Win32
		{2C8E17D8-CBB2-416D-9947-81FD7917BB91}.Release|x64.ActiveCfg = Release|x64
		{2C8E17D8-CBB2-416D-9947-81FD7917BB91}.Release|x64.Build.0 = Release|x64
		{2C8E17D8-CBB2-416D-9947-81FD7917BB91}.Release|x86.ActiveCfg = Release|Win32
		{2C8E17D8-CBB2-416D-9947-81FD7917BB91}.Release|x86.Build.0 = Release|Win32
		{6B9C1586-B13B-45E9-B2D6-148D935E77EB}.Debug|x64.ActiveCfg = Debug|x64
		{6B9C1586-B13B-45E9-B2D6-148D935E77EB}.Debug|x64.Build.0 = Debug|x64
		{6B9C1586-B13B-45E9-B2D6-148D935E77EB}.Debug|x86.ActiveCfg = Debug|Win32
		{6B9C1586-B13B-45E9-B2D6-148D935E77EB}.Debug|x86.Build.0 = Debug|Win32
		{6B9C1586-B13B-45E9-B2D6-148D935E77EB}.Release|x64.ActiveCfg = Release|x64
		{6B9C1586-B13B-45E9-B2D6-148D935E77EB}.Release|x64.Build.0 = Release|x64
		{6B9C1586-B13B-45E9-B2D6-148D935E77EB}.Release|x86.ActiveCfg = Release|Win32
		{6B9C1586-B13B-45E9-B2D6-148D935E77EB}.Release|x86.Build.0 = Release|Win32
		{A348C248-0D4A-4D0F-82CF-FB281A5A9363}.Debug|x64.ActiveCfg = Debug|x64
		{A348C248-0D4A-4D0F-82CF-FB281A5A9363}.Debug|x64.Build.0 = Debug|x64
		{A348C248-0D4A-4D0F-82CF-FB281A5A9363}.Debug|x86.ActiveCfg = Debug|Win32
		{A348C248-0D4A-4D0F-82CF-FB281A5A9363}.Debug|x86.Build.0 = Debug|Win32
		{A348C248-0D4A-4D0F-82CF-FB281A5A9363}.Release|x64.ActiveCfg = Release|x64
		{A348C248-0D4A-4D0F-82CF-FB281A5A9363}.Release|x64.Build.0 = Release|x64
		{A348C248-0D4A-4D0F-82CF-FB281A5A9363}.Release|x86.ActiveCfg = Release|Win32
		{A348C248-0D4A-4D0F-82CF-FB281A5A9363}.Release|x86.Build.0 = Release|Win32
	EndGlobalSection
	GlobalSection(SolutionProperties) = preSolution
		HideSolutionNode = FALSE
	EndGlobalSection
	GlobalSection(ExtensibilityGlobals) = postSolution
		SolutionGuid = {0E746724-AB49-4DE3-ABE5-E0426FE3DE94}
	EndGlobalSection
EndGlobal
