
Microsoft Visual Studio Solution File, Format Version 12.00
# Visual Studio Version 16
VisualStudioVersion = 16.0.30907.101
MinimumVisualStudioVersion = 10.0.40219.1
Project("{8BC9CEB8-8B4A-11D0-8D11-00A0C91BC942}") = "Task6", "Task6.vcxproj", "{F03D2004-F9EB-46B8-8339-95BDE4839890}"
EndProject
Global
	GlobalSection(SolutionConfigurationPlatforms) = preSolution
		Debug|x64 = Debug|x64
		Debug|x86 = Debug|x86
		Release|x64 = Release|x64
		Release|x86 = Release|x86
	EndGlobalSection
	GlobalSection(ProjectConfigurationPlatforms) = postSolution
		{F03D2004-F9EB-46B8-8339-95BDE4839890}.Debug|x64.ActiveCfg = Debug|x64
		{F03D2004-F9EB-46B8-8339-95BDE4839890}.Debug|x64.Build.0 = Debug|x64
		{F03D2004-F9EB-46B8-8339-95BDE4839890}.Debug|x86.ActiveCfg = Debug|Win32
		{F03D2004-F9EB-46B8-8339-95BDE4839890}.Debug|x86.Build.0 = Debug|Win32
		{F03D2004-F9EB-46B8-8339-95BDE4839890}.Release|x64.ActiveCfg = Release|x64
		{F03D2004-F9EB-46B8-8339-95BDE4839890}.Release|x64.Build.0 = Release|x64
		{F03D2004-F9EB-46B8-8339-95BDE4839890}.Release|x86.ActiveCfg = Release|Win32
		{F03D2004-F9EB-46B8-8339-95BDE4839890}.Release|x86.Build.0 = Release|Win32
	EndGlobalSection
	GlobalSection(SolutionProperties) = preSolution
		HideSolutionNode = FALSE
	EndGlobalSection
	GlobalSection(ExtensibilityGlobals) = postSolution
		SolutionGuid = {F33F5BC1-7BBF-4930-AF12-58438594047D}
	EndGlobalSection
EndGlobal
